{
  "name": "yes",
  "version": "1.0.0",
  "lockfileVersion": 1,
  "requires": true,
  "dependencies": {
    "bulma": {
      "version": "0.7.4",
      "resolved": "http://13.77.58.92:8080/bulma/-/bulma-0.7.4.tgz",
      "integrity": "sha512-krG2rP6eAX1WE0sf6O0SC/FUVSOBX4m1PBC2+GKLpb2pX0qanaDqcv9U2nu75egFrsHkI0zdWYuk/oGwoszVWg=="
    },
    "lit-element": {
      "version": "2.0.1",
      "resolved": "http://13.77.58.92:8080/lit-element/-/lit-element-2.0.1.tgz",
      "integrity": "sha512-2bu3B2ZYUZgntvOgu3i5mRK8geo45CLUwxwJEYK54hyednoJasjiTZPB13NBg1D+hNM2JfmWTWJnh1QEUQv7zw==",
      "requires": {
        "lit-html": "^1.0.0"
      }
    },
    "lit-html": {
      "version": "1.0.0",
      "resolved": "http://13.77.58.92:8080/lit-html/-/lit-html-1.0.0.tgz",
      "integrity": "sha512-oeWlpLmBW3gFl7979Wol2LKITpmKTUFNn7PnFbh6YNynF61W74l6x5WhwItAwPRSATpexaX1egNnRzlN4GOtfQ=="
    }
  }
}
